
Microsoft Visual Studio Solution File, Format Version 12.00
Project("{2150E333-8FDC-42A3-9474-1A3956D46DE8}") = "src", "src", "{B965FDC3-214C-403E-8538-972614727A1E}"
EndProject
Project("{2150E333-8FDC-42A3-9474-1A3956D46DE8}") = "tests", "tests", "{E9638E8E-0BE8-4E25-BE11-C2DBC046F6C5}"
EndProject
Project("{FAE04EC0-301F-11D3-BF4B-00C04F79EFBC}") = "Application", "src\Application\Application.csproj", "{B6A69FF0-E069-455A-B031-1D551DAB9D8E}"
EndProject
Project("{FAE04EC0-301F-11D3-BF4B-00C04F79EFBC}") = "Domain", "src\Domain\Domain.csproj", "{66ECBD40-C48B-4F23-AABC-F429AA964CD7}"
EndProject
Project("{FAE04EC0-301F-11D3-BF4B-00C04F79EFBC}") = "Contracts", "src\Contracts\Contracts.csproj", "{91254696-1344-4F92-8219-7AA5FE738E68}"
EndProject
Project("{FAE04EC0-301F-11D3-BF4B-00C04F79EFBC}") = "Infrastructure", "src\Infrastructure\Infrastructure.csproj", "{BCD25E1A-D1C9-42E7-86FF-63F51E05B6C8}"
EndProject
Project("{FAE04EC0-301F-11D3-BF4B-00C04F79EFBC}") = "Presentation", "src\Presentation\Presentation.csproj", "{FF9DA01A-089E-4A8A-B8AE-8F6C9A89BB55}"
EndProject
Project("{FAE04EC0-301F-11D3-BF4B-00C04F79EFBC}") = "TestHelper", "tests\TestHelper\TestHelper.csproj", "{EF99AE8C-4FB4-4AA5-9543-948BC168F4BE}"
EndProject
Project("{FAE04EC0-301F-11D3-BF4B-00C04F79EFBC}") = "Application.Tests", "tests\Application.Tests\Application.Tests.csproj", "{3B2E8C5A-7591-4488-B3A7-D74705BE8BF0}"
EndProject
Project("{FAE04EC0-301F-11D3-BF4B-00C04F79EFBC}") = "Contract.Tests", "tests\Contract.Tests\Contract.Tests.csproj", "{D70AF405-224D-461B-A16F-37F67EDE600D}"
EndProject
Project("{FAE04EC0-301F-11D3-BF4B-00C04F79EFBC}") = "Domain.Tests", "tests\Domain.Tests\Domain.Tests.csproj", "{703B86D9-51D0-4149-A64C-A0B437F4AA5D}"
EndProject
Project("{FAE04EC0-301F-11D3-BF4B-00C04F79EFBC}") = "Infrastructure.Tests", "tests\Infrastructure.Tests\Infrastructure.Tests.csproj", "{2EE33EA8-E5D9-4C60-95DD-D2BD174CEF11}"
EndProject
Project("{FAE04EC0-301F-11D3-BF4B-00C04F79EFBC}") = "Presentation.Tests", "tests\Presentation.Tests\Presentation.Tests.csproj", "{7355A29C-16A0-40B0-BC76-5766A7A0747E}"
EndProject
Global
	GlobalSection(SolutionConfigurationPlatforms) = preSolution
		Debug|Any CPU = Debug|Any CPU
		Release|Any CPU = Release|Any CPU
	EndGlobalSection
	GlobalSection(NestedProjects) = preSolution
		{B6A69FF0-E069-455A-B031-1D551DAB9D8E} = {B965FDC3-214C-403E-8538-972614727A1E}
		{66ECBD40-C48B-4F23-AABC-F429AA964CD7} = {B965FDC3-214C-403E-8538-972614727A1E}
		{91254696-1344-4F92-8219-7AA5FE738E68} = {B965FDC3-214C-403E-8538-972614727A1E}
		{BCD25E1A-D1C9-42E7-86FF-63F51E05B6C8} = {B965FDC3-214C-403E-8538-972614727A1E}
		{FF9DA01A-089E-4A8A-B8AE-8F6C9A89BB55} = {B965FDC3-214C-403E-8538-972614727A1E}
		{EF99AE8C-4FB4-4AA5-9543-948BC168F4BE} = {E9638E8E-0BE8-4E25-BE11-C2DBC046F6C5}
		{3B2E8C5A-7591-4488-B3A7-D74705BE8BF0} = {E9638E8E-0BE8-4E25-BE11-C2DBC046F6C5}
		{D70AF405-224D-461B-A16F-37F67EDE600D} = {E9638E8E-0BE8-4E25-BE11-C2DBC046F6C5}
		{703B86D9-51D0-4149-A64C-A0B437F4AA5D} = {E9638E8E-0BE8-4E25-BE11-C2DBC046F6C5}
		{2EE33EA8-E5D9-4C60-95DD-D2BD174CEF11} = {E9638E8E-0BE8-4E25-BE11-C2DBC046F6C5}
		{7355A29C-16A0-40B0-BC76-5766A7A0747E} = {E9638E8E-0BE8-4E25-BE11-C2DBC046F6C5}
	EndGlobalSection
	GlobalSection(ProjectConfigurationPlatforms) = postSolution
		{B6A69FF0-E069-455A-B031-1D551DAB9D8E}.Debug|Any CPU.ActiveCfg = Debug|Any CPU
		{B6A69FF0-E069-455A-B031-1D551DAB9D8E}.Debug|Any CPU.Build.0 = Debug|Any CPU
		{B6A69FF0-E069-455A-B031-1D551DAB9D8E}.Release|Any CPU.ActiveCfg = Release|Any CPU
		{B6A69FF0-E069-455A-B031-1D551DAB9D8E}.Release|Any CPU.Build.0 = Release|Any CPU
		{66ECBD40-C48B-4F23-AABC-F429AA964CD7}.Debug|Any CPU.ActiveCfg = Debug|Any CPU
		{66ECBD40-C48B-4F23-AABC-F429AA964CD7}.Debug|Any CPU.Build.0 = Debug|Any CPU
		{66ECBD40-C48B-4F23-AABC-F429AA964CD7}.Release|Any CPU.ActiveCfg = Release|Any CPU
		{66ECBD40-C48B-4F23-AABC-F429AA964CD7}.Release|Any CPU.Build.0 = Release|Any CPU
		{91254696-1344-4F92-8219-7AA5FE738E68}.Debug|Any CPU.ActiveCfg = Debug|Any CPU
		{91254696-1344-4F92-8219-7AA5FE738E68}.Debug|Any CPU.Build.0 = Debug|Any CPU
		{91254696-1344-4F92-8219-7AA5FE738E68}.Release|Any CPU.ActiveCfg = Release|Any CPU
		{91254696-1344-4F92-8219-7AA5FE738E68}.Release|Any CPU.Build.0 = Release|Any CPU
		{BCD25E1A-D1C9-42E7-86FF-63F51E05B6C8}.Debug|Any CPU.ActiveCfg = Debug|Any CPU
		{BCD25E1A-D1C9-42E7-86FF-63F51E05B6C8}.Debug|Any CPU.Build.0 = Debug|Any CPU
		{BCD25E1A-D1C9-42E7-86FF-63F51E05B6C8}.Release|Any CPU.ActiveCfg = Release|Any CPU
		{BCD25E1A-D1C9-42E7-86FF-63F51E05B6C8}.Release|Any CPU.Build.0 = Release|Any CPU
		{FF9DA01A-089E-4A8A-B8AE-8F6C9A89BB55}.Debug|Any CPU.ActiveCfg = Debug|Any CPU
		{FF9DA01A-089E-4A8A-B8AE-8F6C9A89BB55}.Debug|Any CPU.Build.0 = Debug|Any CPU
		{FF9DA01A-089E-4A8A-B8AE-8F6C9A89BB55}.Release|Any CPU.ActiveCfg = Release|Any CPU
		{FF9DA01A-089E-4A8A-B8AE-8F6C9A89BB55}.Release|Any CPU.Build.0 = Release|Any CPU
		{EF99AE8C-4FB4-4AA5-9543-948BC168F4BE}.Debug|Any CPU.ActiveCfg = Debug|Any CPU
		{EF99AE8C-4FB4-4AA5-9543-948BC168F4BE}.Debug|Any CPU.Build.0 = Debug|Any CPU
		{EF99AE8C-4FB4-4AA5-9543-948BC168F4BE}.Release|Any CPU.ActiveCfg = Release|Any CPU
		{EF99AE8C-4FB4-4AA5-9543-948BC168F4BE}.Release|Any CPU.Build.0 = Release|Any CPU
		{3B2E8C5A-7591-4488-B3A7-D74705BE8BF0}.Debug|Any CPU.ActiveCfg = Debug|Any CPU
		{3B2E8C5A-7591-4488-B3A7-D74705BE8BF0}.Debug|Any CPU.Build.0 = Debug|Any CPU
		{3B2E8C5A-7591-4488-B3A7-D74705BE8BF0}.Release|Any CPU.ActiveCfg = Release|Any CPU
		{3B2E8C5A-7591-4488-B3A7-D74705BE8BF0}.Release|Any CPU.Build.0 = Release|Any CPU
		{D70AF405-224D-461B-A16F-37F67EDE600D}.Debug|Any CPU.ActiveCfg = Debug|Any CPU
		{D70AF405-224D-461B-A16F-37F67EDE600D}.Debug|Any CPU.Build.0 = Debug|Any CPU
		{D70AF405-224D-461B-A16F-37F67EDE600D}.Release|Any CPU.ActiveCfg = Release|Any CPU
		{D70AF405-224D-461B-A16F-37F67EDE600D}.Release|Any CPU.Build.0 = Release|Any CPU
		{703B86D9-51D0-4149-A64C-A0B437F4AA5D}.Debug|Any CPU.ActiveCfg = Debug|Any CPU
		{703B86D9-51D0-4149-A64C-A0B437F4AA5D}.Debug|Any CPU.Build.0 = Debug|Any CPU
		{703B86D9-51D0-4149-A64C-A0B437F4AA5D}.Release|Any CPU.ActiveCfg = Release|Any CPU
		{703B86D9-51D0-4149-A64C-A0B437F4AA5D}.Release|Any CPU.Build.0 = Release|Any CPU
		{2EE33EA8-E5D9-4C60-95DD-D2BD174CEF11}.Debug|Any CPU.ActiveCfg = Debug|Any CPU
		{2EE33EA8-E5D9-4C60-95DD-D2BD174CEF11}.Debug|Any CPU.Build.0 = Debug|Any CPU
		{2EE33EA8-E5D9-4C60-95DD-D2BD174CEF11}.Release|Any CPU.ActiveCfg = Release|Any CPU
		{2EE33EA8-E5D9-4C60-95DD-D2BD174CEF11}.Release|Any CPU.Build.0 = Release|Any CPU
		{7355A29C-16A0-40B0-BC76-5766A7A0747E}.Debug|Any CPU.ActiveCfg = Debug|Any CPU
		{7355A29C-16A0-40B0-BC76-5766A7A0747E}.Debug|Any CPU.Build.0 = Debug|Any CPU
		{7355A29C-16A0-40B0-BC76-5766A7A0747E}.Release|Any CPU.ActiveCfg = Release|Any CPU
		{7355A29C-16A0-40B0-BC76-5766A7A0747E}.Release|Any CPU.Build.0 = Release|Any CPU
	EndGlobalSection
EndGlobal
